
Microsoft Visual Studio Solution File, Format Version 12.00
# Visual Studio 2013
VisualStudioVersion = 12.0.21005.1
MinimumVisualStudioVersion = 10.0.40219.1
Project("{FAE04EC0-301F-11D3-BF4B-00C04F79EFBC}") = "Ref_for_Object", "Ref_for_Object\Ref_for_Object.csproj", "{702D92F5-B4E7-4B57-A2FC-5559D36CDCCB}"
EndProject
Project("{FAE04EC0-301F-11D3-BF4B-00C04F79EFBC}") = "Immutable_Type", "Immutable_Type\Immutable_Type.csproj", "{A499B038-3F65-4DD9-A7CA-C549B2DD72A1}"
EndProject
Project("{FAE04EC0-301F-11D3-BF4B-00C04F79EFBC}") = "Closures", "Closures\Closures.csproj", "{7BC2512E-E891-4951-8FDB-B30773A389D0}"
EndProject
Project("{FAE04EC0-301F-11D3-BF4B-00C04F79EFBC}") = "Reflection", "Reflection\Reflection.csproj", "{AEB16115-4642-4C5B-9306-645D8697D0D3}"
EndProject
Project("{FAE04EC0-301F-11D3-BF4B-00C04F79EFBC}") = "Delegate", "Delegate\Delegate.csproj", "{A509354A-0579-4EAF-AE1C-B52708491B4C}"
EndProject
Project("{FAE04EC0-301F-11D3-BF4B-00C04F79EFBC}") = "AnonimusMethods_LamdaExpression", "AnonimusMethods_LamdaExpression\AnonimusMethods_LamdaExpression.csproj", "{17DEC9E2-CA38-46E6-8E40-6168A89FBE2B}"
EndProject
Project("{FAE04EC0-301F-11D3-BF4B-00C04F79EFBC}") = "Events1", "Events\Events1.csproj", "{89EE2AB8-7AA0-4DF1-954A-DFBC82ED2EB0}"
EndProject
Project("{FAE04EC0-301F-11D3-BF4B-00C04F79EFBC}") = "Event2", "Event2\Event2.csproj", "{9072BC79-CBB4-4BC8-B86D-76CD47E3A2F4}"
EndProject
Project("{FAE04EC0-301F-11D3-BF4B-00C04F79EFBC}") = "ExtentionMethods", "ExtentionMethods\ExtentionMethods.csproj", "{6428B3FA-85BA-4A78-BC31-3320BC4A0F85}"
EndProject
Project("{FAE04EC0-301F-11D3-BF4B-00C04F79EFBC}") = "Arrays_List", "Arrays_List\Arrays_List.csproj", "{ED426141-7611-49B8-BE6A-8C76A8E744A7}"
EndProject
Project("{FAE04EC0-301F-11D3-BF4B-00C04F79EFBC}") = "Dictionary", "Dictionary\Dictionary.csproj", "{1BD7DE4E-DBF8-4053-B686-512ED70BEAFC}"
EndProject
Global
	GlobalSection(SolutionConfigurationPlatforms) = preSolution
		Debug|Any CPU = Debug|Any CPU
		Release|Any CPU = Release|Any CPU
	EndGlobalSection
	GlobalSection(ProjectConfigurationPlatforms) = postSolution
		{702D92F5-B4E7-4B57-A2FC-5559D36CDCCB}.Debug|Any CPU.ActiveCfg = Debug|Any CPU
		{702D92F5-B4E7-4B57-A2FC-5559D36CDCCB}.Debug|Any CPU.Build.0 = Debug|Any CPU
		{702D92F5-B4E7-4B57-A2FC-5559D36CDCCB}.Release|Any CPU.ActiveCfg = Release|Any CPU
		{702D92F5-B4E7-4B57-A2FC-5559D36CDCCB}.Release|Any CPU.Build.0 = Release|Any CPU
		{A499B038-3F65-4DD9-A7CA-C549B2DD72A1}.Debug|Any CPU.ActiveCfg = Debug|Any CPU
		{A499B038-3F65-4DD9-A7CA-C549B2DD72A1}.Debug|Any CPU.Build.0 = Debug|Any CPU
		{A499B038-3F65-4DD9-A7CA-C549B2DD72A1}.Release|Any CPU.ActiveCfg = Release|Any CPU
		{A499B038-3F65-4DD9-A7CA-C549B2DD72A1}.Release|Any CPU.Build.0 = Release|Any CPU
		{7BC2512E-E891-4951-8FDB-B30773A389D0}.Debug|Any CPU.ActiveCfg = Debug|Any CPU
		{7BC2512E-E891-4951-8FDB-B30773A389D0}.Debug|Any CPU.Build.0 = Debug|Any CPU
		{7BC2512E-E891-4951-8FDB-B30773A389D0}.Release|Any CPU.ActiveCfg = Release|Any CPU
		{7BC2512E-E891-4951-8FDB-B30773A389D0}.Release|Any CPU.Build.0 = Release|Any CPU
		{AEB16115-4642-4C5B-9306-645D8697D0D3}.Debug|Any CPU.ActiveCfg = Debug|Any CPU
		{AEB16115-4642-4C5B-9306-645D8697D0D3}.Debug|Any CPU.Build.0 = Debug|Any CPU
		{AEB16115-4642-4C5B-9306-645D8697D0D3}.Release|Any CPU.ActiveCfg = Release|Any CPU
		{AEB16115-4642-4C5B-9306-645D8697D0D3}.Release|Any CPU.Build.0 = Release|Any CPU
		{A509354A-0579-4EAF-AE1C-B52708491B4C}.Debug|Any CPU.ActiveCfg = Debug|Any CPU
		{A509354A-0579-4EAF-AE1C-B52708491B4C}.Debug|Any CPU.Build.0 = Debug|Any CPU
		{A509354A-0579-4EAF-AE1C-B52708491B4C}.Release|Any CPU.ActiveCfg = Release|Any CPU
		{A509354A-0579-4EAF-AE1C-B52708491B4C}.Release|Any CPU.Build.0 = Release|Any CPU
		{17DEC9E2-CA38-46E6-8E40-6168A89FBE2B}.Debug|Any CPU.ActiveCfg = Debug|Any CPU
		{17DEC9E2-CA38-46E6-8E40-6168A89FBE2B}.Debug|Any CPU.Build.0 = Debug|Any CPU
		{17DEC9E2-CA38-46E6-8E40-6168A89FBE2B}.Release|Any CPU.ActiveCfg = Release|Any CPU
		{17DEC9E2-CA38-46E6-8E40-6168A89FBE2B}.Release|Any CPU.Build.0 = Release|Any CPU
		{89EE2AB8-7AA0-4DF1-954A-DFBC82ED2EB0}.Debug|Any CPU.ActiveCfg = Debug|Any CPU
		{89EE2AB8-7AA0-4DF1-954A-DFBC82ED2EB0}.Debug|Any CPU.Build.0 = Debug|Any CPU
		{89EE2AB8-7AA0-4DF1-954A-DFBC82ED2EB0}.Release|Any CPU.ActiveCfg = Release|Any CPU
		{89EE2AB8-7AA0-4DF1-954A-DFBC82ED2EB0}.Release|Any CPU.Build.0 = Release|Any CPU
		{9072BC79-CBB4-4BC8-B86D-76CD47E3A2F4}.Debug|Any CPU.ActiveCfg = Debug|Any CPU
		{9072BC79-CBB4-4BC8-B86D-76CD47E3A2F4}.Debug|Any CPU.Build.0 = Debug|Any CPU
		{9072BC79-CBB4-4BC8-B86D-76CD47E3A2F4}.Release|Any CPU.ActiveCfg = Release|Any CPU
		{9072BC79-CBB4-4BC8-B86D-76CD47E3A2F4}.Release|Any CPU.Build.0 = Release|Any CPU
		{6428B3FA-85BA-4A78-BC31-3320BC4A0F85}.Debug|Any CPU.ActiveCfg = Debug|Any CPU
		{6428B3FA-85BA-4A78-BC31-3320BC4A0F85}.Debug|Any CPU.Build.0 = Debug|Any CPU
		{6428B3FA-85BA-4A78-BC31-3320BC4A0F85}.Release|Any CPU.ActiveCfg = Release|Any CPU
		{6428B3FA-85BA-4A78-BC31-3320BC4A0F85}.Release|Any CPU.Build.0 = Release|Any CPU
		{ED426141-7611-49B8-BE6A-8C76A8E744A7}.Debug|Any CPU.ActiveCfg = Debug|Any CPU
		{ED426141-7611-49B8-BE6A-8C76A8E744A7}.Debug|Any CPU.Build.0 = Debug|Any CPU
		{ED426141-7611-49B8-BE6A-8C76A8E744A7}.Release|Any CPU.ActiveCfg = Release|Any CPU
		{ED426141-7611-49B8-BE6A-8C76A8E744A7}.Release|Any CPU.Build.0 = Release|Any CPU
		{1BD7DE4E-DBF8-4053-B686-512ED70BEAFC}.Debug|Any CPU.ActiveCfg = Debug|Any CPU
		{1BD7DE4E-DBF8-4053-B686-512ED70BEAFC}.Debug|Any CPU.Build.0 = Debug|Any CPU
		{1BD7DE4E-DBF8-4053-B686-512ED70BEAFC}.Release|Any CPU.ActiveCfg = Release|Any CPU
		{1BD7DE4E-DBF8-4053-B686-512ED70BEAFC}.Release|Any CPU.Build.0 = Release|Any CPU
	EndGlobalSection
	GlobalSection(SolutionProperties) = preSolution
		HideSolutionNode = FALSE
	EndGlobalSection
EndGlobal
