
Microsoft Visual Studio Solution File, Format Version 12.00
# Visual Studio 2013
VisualStudioVersion = 12.0.21005.1
MinimumVisualStudioVersion = 10.0.40219.1
Project("{FAE04EC0-301F-11D3-BF4B-00C04F79EFBC}") = "Ref_for_Object", "Ref_for_Object\Ref_for_Object.csproj", "{702D92F5-B4E7-4B57-A2FC-5559D36CDCCB}"
EndProject
Project("{FAE04EC0-301F-11D3-BF4B-00C04F79EFBC}") = "Immutable_Type", "Immutable_Type\Immutable_Type.csproj", "{A499B038-3F65-4DD9-A7CA-C549B2DD72A1}"
EndProject
Project("{FAE04EC0-301F-11D3-BF4B-00C04F79EFBC}") = "Closures", "Closures\Closures.csproj", "{7BC2512E-E891-4951-8FDB-B30773A389D0}"
EndProject
Project("{FAE04EC0-301F-11D3-BF4B-00C04F79EFBC}") = "Reflection", "Reflection\Reflection.csproj", "{AEB16115-4642-4C5B-9306-645D8697D0D3}"
EndProject
Project("{FAE04EC0-301F-11D3-BF4B-00C04F79EFBC}") = "Delegate", "Delegate\Delegate.csproj", "{A509354A-0579-4EAF-AE1C-B52708491B4C}"
EndProject
Project("{FAE04EC0-301F-11D3-BF4B-00C04F79EFBC}") = "AnonimusMethods_LamdaExpression", "AnonimusMethods_LamdaExpression\AnonimusMethods_LamdaExpression.csproj", "{17DEC9E2-CA38-46E6-8E40-6168A89FBE2B}"
EndProject
Project("{FAE04EC0-301F-11D3-BF4B-00C04F79EFBC}") = "Events1", "Events\Events1.csproj", "{89EE2AB8-7AA0-4DF1-954A-DFBC82ED2EB0}"
EndProject
Project("{FAE04EC0-301F-11D3-BF4B-00C04F79EFBC}") = "Event2", "Event2\Event2.csproj", "{9072BC79-CBB4-4BC8-B86D-76CD47E3A2F4}"
EndProject
Project("{FAE04EC0-301F-11D3-BF4B-00C04F79EFBC}") = "ExtentionMethods", "ExtentionMethods\ExtentionMethods.csproj", "{6428B3FA-85BA-4A78-BC31-3320BC4A0F85}"
EndProject
Project("{FAE04EC0-301F-11D3-BF4B-00C04F79EFBC}") = "Arrays_List", "Arrays_List\Arrays_List.csproj", "{ED426141-7611-49B8-BE6A-8C76A8E744A7}"
EndProject
Project("{FAE04EC0-301F-11D3-BF4B-00C04F79EFBC}") = "Dictionary", "Dictionary\Dictionary.csproj", "{1BD7DE4E-DBF8-4053-B686-512ED70BEAFC}"
EndProject
Project("{FAE04EC0-301F-11D3-BF4B-00C04F79EFBC}") = "AdHocPolimorfizm", "AdHocPolimorfizm\AdHocPolimorfizm.csproj", "{C0A79392-5B56-4328-B647-BB7AA2CD97A0}"
EndProject
Project("{FAE04EC0-301F-11D3-BF4B-00C04F79EFBC}") = "NullableTypes", "NullableTypes\NullableTypes.csproj", "{6966E1AD-DBDA-4AFB-BCD2-E65177C4A7EB}"
EndProject
Project("{FAE04EC0-301F-11D3-BF4B-00C04F79EFBC}") = "Parallel", "Parallel\Parallel.csproj", "{EE0C1DAB-0464-4EBE-92A7-BB80E186E693}"
EndProject
Project("{FAE04EC0-301F-11D3-BF4B-00C04F79EFBC}") = "PLINQ", "PLINQ\PLINQ.csproj", "{8359B4CA-115F-485C-A15A-800746F16B61}"
EndProject
Project("{FAE04EC0-301F-11D3-BF4B-00C04F79EFBC}") = "CocurrentCollection", "CocurrentCollection\CocurrentCollection.csproj", "{8271340C-660E-40CA-B2F2-FE5AA3624611}"
EndProject
Project("{FAE04EC0-301F-11D3-BF4B-00C04F79EFBC}") = "Synchrinizing", "Synchrinizing\Synchrinizing.csproj", "{3F0BB45F-93CE-43E3-BD6A-7425EB7111F8}"
EndProject
Project("{FAE04EC0-301F-11D3-BF4B-00C04F79EFBC}") = "Volatile", "Volatile\Volatile.csproj", "{833DE365-A527-43E7-B86F-27F023CFEFED}"
EndProject
Project("{FAE04EC0-301F-11D3-BF4B-00C04F79EFBC}") = "Interlocked", "Interlocked\Interlocked.csproj", "{A0E60E34-C87D-4F94-91EA-2993E39D42BD}"
EndProject
Project("{FAE04EC0-301F-11D3-BF4B-00C04F79EFBC}") = "CancellationToken", "CancellationToken\CancellationToken.csproj", "{0F22F774-4972-4A66-AA8A-EC74B204A712}"
EndProject
Project("{FAE04EC0-301F-11D3-BF4B-00C04F79EFBC}") = "Boolean_Expression", "Boolean_Expression\Boolean_Expression.csproj", "{BA19DA83-BA4C-438D-BCC0-23D81D2A1A95}"
EndProject
Project("{FAE04EC0-301F-11D3-BF4B-00C04F79EFBC}") = "Delegate_Covariance", "events_and_callback\Delegate_Covariance.csproj", "{A4E81B2E-AD0A-4B7A-A84A-C39D219B6DC4}"
EndProject
Project("{FAE04EC0-301F-11D3-BF4B-00C04F79EFBC}") = "Lambda_expressions", "Lambda_expressions\Lambda_expressions.csproj", "{01E4C65E-0A69-49B2-A347-930E6733897D}"
EndProject
Project("{FAE04EC0-301F-11D3-BF4B-00C04F79EFBC}") = "Using_events", "Using_events\Using_events.csproj", "{90CF5A5D-1ECD-4ACE-A732-93E7D459BED2}"
EndProject
Project("{FAE04EC0-301F-11D3-BF4B-00C04F79EFBC}") = "Handling_exceptions", "Handling_exceptions\Handling_exceptions.csproj", "{BF4F904F-5C17-4EBC-86D7-DCA61719F8E8}"
EndProject
Project("{FAE04EC0-301F-11D3-BF4B-00C04F79EFBC}") = "Handling_exceptions2", "Handling_exceptions2\Handling_exceptions2.csproj", "{10F22CB7-AFCF-4D71-AADC-4B6503D57305}"
EndProject
Project("{FAE04EC0-301F-11D3-BF4B-00C04F79EFBC}") = "Handling_exceptions3", "Handling_exceptions3\Handling_exceptions3.csproj", "{FD4E3178-A4D1-45EF-B0F8-65FD2DF42490}"
EndProject
Project("{FAE04EC0-301F-11D3-BF4B-00C04F79EFBC}") = "Multiple_inheritance_pattern", "Multiple_inheritance\Multiple_inheritance_pattern.csproj", "{1F3471E0-3567-4721-94C4-C117E7AE52C3}"
EndProject
Project("{FAE04EC0-301F-11D3-BF4B-00C04F79EFBC}") = "Partial_class", "Partial_class\Partial_class.csproj", "{99D5C8FC-CE24-4CEC-B0DF-EE78A7E757A2}"
EndProject
Project("{FAE04EC0-301F-11D3-BF4B-00C04F79EFBC}") = "EF1", "EF1\EF1.csproj", "{CD0C9CBF-D17D-4808-95EC-AD2F6F3B2D6E}"
EndProject
Project("{FAE04EC0-301F-11D3-BF4B-00C04F79EFBC}") = "EF2", "EF2\EF2.csproj", "{41823E3D-F198-4B6D-9FF6-1F2C0EE9D82D}"
EndProject
Project("{FAE04EC0-301F-11D3-BF4B-00C04F79EFBC}") = "Linq_Group", "Linq_Group\Linq_Group.csproj", "{F2B91215-672D-42AF-982B-11F9D7A2F787}"
EndProject
Project("{FAE04EC0-301F-11D3-BF4B-00C04F79EFBC}") = "test", "test\test.csproj", "{B755CBA1-20C3-4EF9-87C0-BB084CE2A1B7}"
EndProject
Project("{FAE04EC0-301F-11D3-BF4B-00C04F79EFBC}") = "Majority50PerentItemOfArray", "Majority50PerItemOfArray\Majority50PerentItemOfArray.csproj", "{8C520D47-49D7-413B-9A37-CA4DF7B92BF3}"
EndProject
Project("{FAE04EC0-301F-11D3-BF4B-00C04F79EFBC}") = "MergeSort", "MergeSort\MergeSort.csproj", "{0F1ED6F8-291C-4290-8302-D324D3B6E0F2}"
EndProject
Global
	GlobalSection(SolutionConfigurationPlatforms) = preSolution
		Debug|Any CPU = Debug|Any CPU
		Release|Any CPU = Release|Any CPU
	EndGlobalSection
	GlobalSection(ProjectConfigurationPlatforms) = postSolution
		{702D92F5-B4E7-4B57-A2FC-5559D36CDCCB}.Debug|Any CPU.ActiveCfg = Debug|Any CPU
		{702D92F5-B4E7-4B57-A2FC-5559D36CDCCB}.Debug|Any CPU.Build.0 = Debug|Any CPU
		{702D92F5-B4E7-4B57-A2FC-5559D36CDCCB}.Release|Any CPU.ActiveCfg = Release|Any CPU
		{702D92F5-B4E7-4B57-A2FC-5559D36CDCCB}.Release|Any CPU.Build.0 = Release|Any CPU
		{A499B038-3F65-4DD9-A7CA-C549B2DD72A1}.Debug|Any CPU.ActiveCfg = Debug|Any CPU
		{A499B038-3F65-4DD9-A7CA-C549B2DD72A1}.Debug|Any CPU.Build.0 = Debug|Any CPU
		{A499B038-3F65-4DD9-A7CA-C549B2DD72A1}.Release|Any CPU.ActiveCfg = Release|Any CPU
		{A499B038-3F65-4DD9-A7CA-C549B2DD72A1}.Release|Any CPU.Build.0 = Release|Any CPU
		{7BC2512E-E891-4951-8FDB-B30773A389D0}.Debug|Any CPU.ActiveCfg = Debug|Any CPU
		{7BC2512E-E891-4951-8FDB-B30773A389D0}.Debug|Any CPU.Build.0 = Debug|Any CPU
		{7BC2512E-E891-4951-8FDB-B30773A389D0}.Release|Any CPU.ActiveCfg = Release|Any CPU
		{7BC2512E-E891-4951-8FDB-B30773A389D0}.Release|Any CPU.Build.0 = Release|Any CPU
		{AEB16115-4642-4C5B-9306-645D8697D0D3}.Debug|Any CPU.ActiveCfg = Debug|Any CPU
		{AEB16115-4642-4C5B-9306-645D8697D0D3}.Debug|Any CPU.Build.0 = Debug|Any CPU
		{AEB16115-4642-4C5B-9306-645D8697D0D3}.Release|Any CPU.ActiveCfg = Release|Any CPU
		{AEB16115-4642-4C5B-9306-645D8697D0D3}.Release|Any CPU.Build.0 = Release|Any CPU
		{A509354A-0579-4EAF-AE1C-B52708491B4C}.Debug|Any CPU.ActiveCfg = Debug|Any CPU
		{A509354A-0579-4EAF-AE1C-B52708491B4C}.Debug|Any CPU.Build.0 = Debug|Any CPU
		{A509354A-0579-4EAF-AE1C-B52708491B4C}.Release|Any CPU.ActiveCfg = Release|Any CPU
		{A509354A-0579-4EAF-AE1C-B52708491B4C}.Release|Any CPU.Build.0 = Release|Any CPU
		{17DEC9E2-CA38-46E6-8E40-6168A89FBE2B}.Debug|Any CPU.ActiveCfg = Debug|Any CPU
		{17DEC9E2-CA38-46E6-8E40-6168A89FBE2B}.Debug|Any CPU.Build.0 = Debug|Any CPU
		{17DEC9E2-CA38-46E6-8E40-6168A89FBE2B}.Release|Any CPU.ActiveCfg = Release|Any CPU
		{17DEC9E2-CA38-46E6-8E40-6168A89FBE2B}.Release|Any CPU.Build.0 = Release|Any CPU
		{89EE2AB8-7AA0-4DF1-954A-DFBC82ED2EB0}.Debug|Any CPU.ActiveCfg = Debug|Any CPU
		{89EE2AB8-7AA0-4DF1-954A-DFBC82ED2EB0}.Debug|Any CPU.Build.0 = Debug|Any CPU
		{89EE2AB8-7AA0-4DF1-954A-DFBC82ED2EB0}.Release|Any CPU.ActiveCfg = Release|Any CPU
		{89EE2AB8-7AA0-4DF1-954A-DFBC82ED2EB0}.Release|Any CPU.Build.0 = Release|Any CPU
		{9072BC79-CBB4-4BC8-B86D-76CD47E3A2F4}.Debug|Any CPU.ActiveCfg = Debug|Any CPU
		{9072BC79-CBB4-4BC8-B86D-76CD47E3A2F4}.Debug|Any CPU.Build.0 = Debug|Any CPU
		{9072BC79-CBB4-4BC8-B86D-76CD47E3A2F4}.Release|Any CPU.ActiveCfg = Release|Any CPU
		{9072BC79-CBB4-4BC8-B86D-76CD47E3A2F4}.Release|Any CPU.Build.0 = Release|Any CPU
		{6428B3FA-85BA-4A78-BC31-3320BC4A0F85}.Debug|Any CPU.ActiveCfg = Debug|Any CPU
		{6428B3FA-85BA-4A78-BC31-3320BC4A0F85}.Debug|Any CPU.Build.0 = Debug|Any CPU
		{6428B3FA-85BA-4A78-BC31-3320BC4A0F85}.Release|Any CPU.ActiveCfg = Release|Any CPU
		{6428B3FA-85BA-4A78-BC31-3320BC4A0F85}.Release|Any CPU.Build.0 = Release|Any CPU
		{ED426141-7611-49B8-BE6A-8C76A8E744A7}.Debug|Any CPU.ActiveCfg = Debug|Any CPU
		{ED426141-7611-49B8-BE6A-8C76A8E744A7}.Debug|Any CPU.Build.0 = Debug|Any CPU
		{ED426141-7611-49B8-BE6A-8C76A8E744A7}.Release|Any CPU.ActiveCfg = Release|Any CPU
		{ED426141-7611-49B8-BE6A-8C76A8E744A7}.Release|Any CPU.Build.0 = Release|Any CPU
		{1BD7DE4E-DBF8-4053-B686-512ED70BEAFC}.Debug|Any CPU.ActiveCfg = Debug|Any CPU
		{1BD7DE4E-DBF8-4053-B686-512ED70BEAFC}.Debug|Any CPU.Build.0 = Debug|Any CPU
		{1BD7DE4E-DBF8-4053-B686-512ED70BEAFC}.Release|Any CPU.ActiveCfg = Release|Any CPU
		{1BD7DE4E-DBF8-4053-B686-512ED70BEAFC}.Release|Any CPU.Build.0 = Release|Any CPU
		{C0A79392-5B56-4328-B647-BB7AA2CD97A0}.Debug|Any CPU.ActiveCfg = Debug|Any CPU
		{C0A79392-5B56-4328-B647-BB7AA2CD97A0}.Debug|Any CPU.Build.0 = Debug|Any CPU
		{C0A79392-5B56-4328-B647-BB7AA2CD97A0}.Release|Any CPU.ActiveCfg = Release|Any CPU
		{C0A79392-5B56-4328-B647-BB7AA2CD97A0}.Release|Any CPU.Build.0 = Release|Any CPU
		{6966E1AD-DBDA-4AFB-BCD2-E65177C4A7EB}.Debug|Any CPU.ActiveCfg = Debug|Any CPU
		{6966E1AD-DBDA-4AFB-BCD2-E65177C4A7EB}.Debug|Any CPU.Build.0 = Debug|Any CPU
		{6966E1AD-DBDA-4AFB-BCD2-E65177C4A7EB}.Release|Any CPU.ActiveCfg = Release|Any CPU
		{6966E1AD-DBDA-4AFB-BCD2-E65177C4A7EB}.Release|Any CPU.Build.0 = Release|Any CPU
		{EE0C1DAB-0464-4EBE-92A7-BB80E186E693}.Debug|Any CPU.ActiveCfg = Debug|Any CPU
		{EE0C1DAB-0464-4EBE-92A7-BB80E186E693}.Debug|Any CPU.Build.0 = Debug|Any CPU
		{EE0C1DAB-0464-4EBE-92A7-BB80E186E693}.Release|Any CPU.ActiveCfg = Release|Any CPU
		{EE0C1DAB-0464-4EBE-92A7-BB80E186E693}.Release|Any CPU.Build.0 = Release|Any CPU
		{8359B4CA-115F-485C-A15A-800746F16B61}.Debug|Any CPU.ActiveCfg = Debug|Any CPU
		{8359B4CA-115F-485C-A15A-800746F16B61}.Debug|Any CPU.Build.0 = Debug|Any CPU
		{8359B4CA-115F-485C-A15A-800746F16B61}.Release|Any CPU.ActiveCfg = Release|Any CPU
		{8359B4CA-115F-485C-A15A-800746F16B61}.Release|Any CPU.Build.0 = Release|Any CPU
		{8271340C-660E-40CA-B2F2-FE5AA3624611}.Debug|Any CPU.ActiveCfg = Debug|Any CPU
		{8271340C-660E-40CA-B2F2-FE5AA3624611}.Debug|Any CPU.Build.0 = Debug|Any CPU
		{8271340C-660E-40CA-B2F2-FE5AA3624611}.Release|Any CPU.ActiveCfg = Release|Any CPU
		{8271340C-660E-40CA-B2F2-FE5AA3624611}.Release|Any CPU.Build.0 = Release|Any CPU
		{3F0BB45F-93CE-43E3-BD6A-7425EB7111F8}.Debug|Any CPU.ActiveCfg = Debug|Any CPU
		{3F0BB45F-93CE-43E3-BD6A-7425EB7111F8}.Debug|Any CPU.Build.0 = Debug|Any CPU
		{3F0BB45F-93CE-43E3-BD6A-7425EB7111F8}.Release|Any CPU.ActiveCfg = Release|Any CPU
		{3F0BB45F-93CE-43E3-BD6A-7425EB7111F8}.Release|Any CPU.Build.0 = Release|Any CPU
		{833DE365-A527-43E7-B86F-27F023CFEFED}.Debug|Any CPU.ActiveCfg = Debug|Any CPU
		{833DE365-A527-43E7-B86F-27F023CFEFED}.Debug|Any CPU.Build.0 = Debug|Any CPU
		{833DE365-A527-43E7-B86F-27F023CFEFED}.Release|Any CPU.ActiveCfg = Release|Any CPU
		{833DE365-A527-43E7-B86F-27F023CFEFED}.Release|Any CPU.Build.0 = Release|Any CPU
		{A0E60E34-C87D-4F94-91EA-2993E39D42BD}.Debug|Any CPU.ActiveCfg = Debug|Any CPU
		{A0E60E34-C87D-4F94-91EA-2993E39D42BD}.Debug|Any CPU.Build.0 = Debug|Any CPU
		{A0E60E34-C87D-4F94-91EA-2993E39D42BD}.Release|Any CPU.ActiveCfg = Release|Any CPU
		{A0E60E34-C87D-4F94-91EA-2993E39D42BD}.Release|Any CPU.Build.0 = Release|Any CPU
		{0F22F774-4972-4A66-AA8A-EC74B204A712}.Debug|Any CPU.ActiveCfg = Debug|Any CPU
		{0F22F774-4972-4A66-AA8A-EC74B204A712}.Debug|Any CPU.Build.0 = Debug|Any CPU
		{0F22F774-4972-4A66-AA8A-EC74B204A712}.Release|Any CPU.ActiveCfg = Release|Any CPU
		{0F22F774-4972-4A66-AA8A-EC74B204A712}.Release|Any CPU.Build.0 = Release|Any CPU
		{BA19DA83-BA4C-438D-BCC0-23D81D2A1A95}.Debug|Any CPU.ActiveCfg = Debug|Any CPU
		{BA19DA83-BA4C-438D-BCC0-23D81D2A1A95}.Debug|Any CPU.Build.0 = Debug|Any CPU
		{BA19DA83-BA4C-438D-BCC0-23D81D2A1A95}.Release|Any CPU.ActiveCfg = Release|Any CPU
		{BA19DA83-BA4C-438D-BCC0-23D81D2A1A95}.Release|Any CPU.Build.0 = Release|Any CPU
		{A4E81B2E-AD0A-4B7A-A84A-C39D219B6DC4}.Debug|Any CPU.ActiveCfg = Debug|Any CPU
		{A4E81B2E-AD0A-4B7A-A84A-C39D219B6DC4}.Debug|Any CPU.Build.0 = Debug|Any CPU
		{A4E81B2E-AD0A-4B7A-A84A-C39D219B6DC4}.Release|Any CPU.ActiveCfg = Release|Any CPU
		{A4E81B2E-AD0A-4B7A-A84A-C39D219B6DC4}.Release|Any CPU.Build.0 = Release|Any CPU
		{01E4C65E-0A69-49B2-A347-930E6733897D}.Debug|Any CPU.ActiveCfg = Debug|Any CPU
		{01E4C65E-0A69-49B2-A347-930E6733897D}.Debug|Any CPU.Build.0 = Debug|Any CPU
		{01E4C65E-0A69-49B2-A347-930E6733897D}.Release|Any CPU.ActiveCfg = Release|Any CPU
		{01E4C65E-0A69-49B2-A347-930E6733897D}.Release|Any CPU.Build.0 = Release|Any CPU
		{90CF5A5D-1ECD-4ACE-A732-93E7D459BED2}.Debug|Any CPU.ActiveCfg = Debug|Any CPU
		{90CF5A5D-1ECD-4ACE-A732-93E7D459BED2}.Debug|Any CPU.Build.0 = Debug|Any CPU
		{90CF5A5D-1ECD-4ACE-A732-93E7D459BED2}.Release|Any CPU.ActiveCfg = Release|Any CPU
		{90CF5A5D-1ECD-4ACE-A732-93E7D459BED2}.Release|Any CPU.Build.0 = Release|Any CPU
		{BF4F904F-5C17-4EBC-86D7-DCA61719F8E8}.Debug|Any CPU.ActiveCfg = Debug|Any CPU
		{BF4F904F-5C17-4EBC-86D7-DCA61719F8E8}.Debug|Any CPU.Build.0 = Debug|Any CPU
		{BF4F904F-5C17-4EBC-86D7-DCA61719F8E8}.Release|Any CPU.ActiveCfg = Release|Any CPU
		{BF4F904F-5C17-4EBC-86D7-DCA61719F8E8}.Release|Any CPU.Build.0 = Release|Any CPU
		{10F22CB7-AFCF-4D71-AADC-4B6503D57305}.Debug|Any CPU.ActiveCfg = Debug|Any CPU
		{10F22CB7-AFCF-4D71-AADC-4B6503D57305}.Debug|Any CPU.Build.0 = Debug|Any CPU
		{10F22CB7-AFCF-4D71-AADC-4B6503D57305}.Release|Any CPU.ActiveCfg = Release|Any CPU
		{10F22CB7-AFCF-4D71-AADC-4B6503D57305}.Release|Any CPU.Build.0 = Release|Any CPU
		{FD4E3178-A4D1-45EF-B0F8-65FD2DF42490}.Debug|Any CPU.ActiveCfg = Debug|Any CPU
		{FD4E3178-A4D1-45EF-B0F8-65FD2DF42490}.Debug|Any CPU.Build.0 = Debug|Any CPU
		{FD4E3178-A4D1-45EF-B0F8-65FD2DF42490}.Release|Any CPU.ActiveCfg = Release|Any CPU
		{FD4E3178-A4D1-45EF-B0F8-65FD2DF42490}.Release|Any CPU.Build.0 = Release|Any CPU
		{1F3471E0-3567-4721-94C4-C117E7AE52C3}.Debug|Any CPU.ActiveCfg = Debug|Any CPU
		{1F3471E0-3567-4721-94C4-C117E7AE52C3}.Debug|Any CPU.Build.0 = Debug|Any CPU
		{1F3471E0-3567-4721-94C4-C117E7AE52C3}.Release|Any CPU.ActiveCfg = Release|Any CPU
		{1F3471E0-3567-4721-94C4-C117E7AE52C3}.Release|Any CPU.Build.0 = Release|Any CPU
		{99D5C8FC-CE24-4CEC-B0DF-EE78A7E757A2}.Debug|Any CPU.ActiveCfg = Debug|Any CPU
		{99D5C8FC-CE24-4CEC-B0DF-EE78A7E757A2}.Debug|Any CPU.Build.0 = Debug|Any CPU
		{99D5C8FC-CE24-4CEC-B0DF-EE78A7E757A2}.Release|Any CPU.ActiveCfg = Release|Any CPU
		{99D5C8FC-CE24-4CEC-B0DF-EE78A7E757A2}.Release|Any CPU.Build.0 = Release|Any CPU
		{CD0C9CBF-D17D-4808-95EC-AD2F6F3B2D6E}.Debug|Any CPU.ActiveCfg = Debug|Any CPU
		{CD0C9CBF-D17D-4808-95EC-AD2F6F3B2D6E}.Debug|Any CPU.Build.0 = Debug|Any CPU
		{CD0C9CBF-D17D-4808-95EC-AD2F6F3B2D6E}.Release|Any CPU.ActiveCfg = Release|Any CPU
		{CD0C9CBF-D17D-4808-95EC-AD2F6F3B2D6E}.Release|Any CPU.Build.0 = Release|Any CPU
		{41823E3D-F198-4B6D-9FF6-1F2C0EE9D82D}.Debug|Any CPU.ActiveCfg = Debug|Any CPU
		{41823E3D-F198-4B6D-9FF6-1F2C0EE9D82D}.Debug|Any CPU.Build.0 = Debug|Any CPU
		{41823E3D-F198-4B6D-9FF6-1F2C0EE9D82D}.Release|Any CPU.ActiveCfg = Release|Any CPU
		{41823E3D-F198-4B6D-9FF6-1F2C0EE9D82D}.Release|Any CPU.Build.0 = Release|Any CPU
		{F2B91215-672D-42AF-982B-11F9D7A2F787}.Debug|Any CPU.ActiveCfg = Debug|Any CPU
		{F2B91215-672D-42AF-982B-11F9D7A2F787}.Debug|Any CPU.Build.0 = Debug|Any CPU
		{F2B91215-672D-42AF-982B-11F9D7A2F787}.Release|Any CPU.ActiveCfg = Release|Any CPU
		{F2B91215-672D-42AF-982B-11F9D7A2F787}.Release|Any CPU.Build.0 = Release|Any CPU
		{B755CBA1-20C3-4EF9-87C0-BB084CE2A1B7}.Debug|Any CPU.ActiveCfg = Debug|Any CPU
		{B755CBA1-20C3-4EF9-87C0-BB084CE2A1B7}.Debug|Any CPU.Build.0 = Debug|Any CPU
		{B755CBA1-20C3-4EF9-87C0-BB084CE2A1B7}.Release|Any CPU.ActiveCfg = Release|Any CPU
		{B755CBA1-20C3-4EF9-87C0-BB084CE2A1B7}.Release|Any CPU.Build.0 = Release|Any CPU
		{8C520D47-49D7-413B-9A37-CA4DF7B92BF3}.Debug|Any CPU.ActiveCfg = Debug|Any CPU
		{8C520D47-49D7-413B-9A37-CA4DF7B92BF3}.Debug|Any CPU.Build.0 = Debug|Any CPU
		{8C520D47-49D7-413B-9A37-CA4DF7B92BF3}.Release|Any CPU.ActiveCfg = Release|Any CPU
		{8C520D47-49D7-413B-9A37-CA4DF7B92BF3}.Release|Any CPU.Build.0 = Release|Any CPU
		{0F1ED6F8-291C-4290-8302-D324D3B6E0F2}.Debug|Any CPU.ActiveCfg = Debug|Any CPU
		{0F1ED6F8-291C-4290-8302-D324D3B6E0F2}.Debug|Any CPU.Build.0 = Debug|Any CPU
		{0F1ED6F8-291C-4290-8302-D324D3B6E0F2}.Release|Any CPU.ActiveCfg = Release|Any CPU
		{0F1ED6F8-291C-4290-8302-D324D3B6E0F2}.Release|Any CPU.Build.0 = Release|Any CPU
	EndGlobalSection
	GlobalSection(SolutionProperties) = preSolution
		HideSolutionNode = FALSE
	EndGlobalSection
EndGlobal
