
Microsoft Visual Studio Solution File, Format Version 12.00
# Visual Studio 2013
VisualStudioVersion = 12.0.21005.1
MinimumVisualStudioVersion = 10.0.40219.1
Project("{2150E333-8FDC-42A3-9474-1A3956D46DE8}") = "Operators", "Operators", "{E6BAC3CC-D1E6-4F9F-8613-872EF88E41AD}"
EndProject
Project("{FAE04EC0-301F-11D3-BF4B-00C04F79EFBC}") = "OperatorsPre_Postfix", "Operators\OperatorsPre_Postfix.csproj", "{7F427113-1F77-4C0B-AC3B-223E461930D3}"
EndProject
Project("{FAE04EC0-301F-11D3-BF4B-00C04F79EFBC}") = "Operator_ternal_null-coalescing", "Operator_ternal_null-coalescing\Operator_ternal_null-coalescing.csproj", "{9611727E-524A-4C7F-811C-2816014B28B6}"
EndProject
Project("{FAE04EC0-301F-11D3-BF4B-00C04F79EFBC}") = "Overload_subtraction", "Overload_subtraction\Overload_subtraction.csproj", "{A72BC3C3-0E05-49A7-97C9-630722341324}"
EndProject
Project("{FAE04EC0-301F-11D3-BF4B-00C04F79EFBC}") = "Overload_multy_Div", "Overload_multy_Divide\Overload_multy_Div.csproj", "{E0F27946-13D3-4ACE-8FEC-D76220BF40AD}"
EndProject
Project("{FAE04EC0-301F-11D3-BF4B-00C04F79EFBC}") = "Conversion_Fraction_to_double", "Conversion_Fraction_to_double\Conversion_Fraction_to_double.csproj", "{65E14524-06F7-4040-947C-B29C7C81EB1D}"
EndProject
Project("{FAE04EC0-301F-11D3-BF4B-00C04F79EFBC}") = "Overload_greater", "Overload_greater\Overload_greater.csproj", "{A40CA5FA-DD13-4522-BD4D-D4747D26FC58}"
EndProject
Project("{FAE04EC0-301F-11D3-BF4B-00C04F79EFBC}") = "Overload_equals", "Overload_equals\Overload_equals.csproj", "{AF15DEDC-19D1-4595-AADC-B7EE9894FBFE}"
EndProject
Project("{FAE04EC0-301F-11D3-BF4B-00C04F79EFBC}") = "Overload_Equals_operator", "Overload_Equals_operator\Overload_Equals_operator.csproj", "{7338DF73-2DAB-4FCA-A0C2-42CB47F342AB}"
EndProject
Project("{2150E333-8FDC-42A3-9474-1A3956D46DE8}") = "Data Structure", "Data Structure", "{18076AB3-CB01-4EAD-9260-5D9F2E518197}"
EndProject
Project("{FAE04EC0-301F-11D3-BF4B-00C04F79EFBC}") = "Array_DS", "Array_DS\Array_DS.csproj", "{E7BD7070-EBD5-4D2D-99BD-6CAE3B92F32E}"
EndProject
Project("{FAE04EC0-301F-11D3-BF4B-00C04F79EFBC}") = "2D Array - DS", "2D Array - DS\2D Array - DS.csproj", "{194FACB7-3BC4-4D69-A80D-034849F80010}"
EndProject
Project("{FAE04EC0-301F-11D3-BF4B-00C04F79EFBC}") = "Sparse_Arrays", "Sparse_Arrays\Sparse_Arrays.csproj", "{8EBF7D10-0B4D-444E-8709-D0B8EA424E42}"
EndProject
Global
	GlobalSection(SolutionConfigurationPlatforms) = preSolution
		Debug|Any CPU = Debug|Any CPU
		Release|Any CPU = Release|Any CPU
	EndGlobalSection
	GlobalSection(ProjectConfigurationPlatforms) = postSolution
		{7F427113-1F77-4C0B-AC3B-223E461930D3}.Debug|Any CPU.ActiveCfg = Debug|Any CPU
		{7F427113-1F77-4C0B-AC3B-223E461930D3}.Debug|Any CPU.Build.0 = Debug|Any CPU
		{7F427113-1F77-4C0B-AC3B-223E461930D3}.Release|Any CPU.ActiveCfg = Release|Any CPU
		{7F427113-1F77-4C0B-AC3B-223E461930D3}.Release|Any CPU.Build.0 = Release|Any CPU
		{9611727E-524A-4C7F-811C-2816014B28B6}.Debug|Any CPU.ActiveCfg = Debug|Any CPU
		{9611727E-524A-4C7F-811C-2816014B28B6}.Debug|Any CPU.Build.0 = Debug|Any CPU
		{9611727E-524A-4C7F-811C-2816014B28B6}.Release|Any CPU.ActiveCfg = Release|Any CPU
		{9611727E-524A-4C7F-811C-2816014B28B6}.Release|Any CPU.Build.0 = Release|Any CPU
		{A72BC3C3-0E05-49A7-97C9-630722341324}.Debug|Any CPU.ActiveCfg = Debug|Any CPU
		{A72BC3C3-0E05-49A7-97C9-630722341324}.Debug|Any CPU.Build.0 = Debug|Any CPU
		{A72BC3C3-0E05-49A7-97C9-630722341324}.Release|Any CPU.ActiveCfg = Release|Any CPU
		{A72BC3C3-0E05-49A7-97C9-630722341324}.Release|Any CPU.Build.0 = Release|Any CPU
		{E0F27946-13D3-4ACE-8FEC-D76220BF40AD}.Debug|Any CPU.ActiveCfg = Debug|Any CPU
		{E0F27946-13D3-4ACE-8FEC-D76220BF40AD}.Debug|Any CPU.Build.0 = Debug|Any CPU
		{E0F27946-13D3-4ACE-8FEC-D76220BF40AD}.Release|Any CPU.ActiveCfg = Release|Any CPU
		{E0F27946-13D3-4ACE-8FEC-D76220BF40AD}.Release|Any CPU.Build.0 = Release|Any CPU
		{65E14524-06F7-4040-947C-B29C7C81EB1D}.Debug|Any CPU.ActiveCfg = Debug|Any CPU
		{65E14524-06F7-4040-947C-B29C7C81EB1D}.Debug|Any CPU.Build.0 = Debug|Any CPU
		{65E14524-06F7-4040-947C-B29C7C81EB1D}.Release|Any CPU.ActiveCfg = Release|Any CPU
		{65E14524-06F7-4040-947C-B29C7C81EB1D}.Release|Any CPU.Build.0 = Release|Any CPU
		{A40CA5FA-DD13-4522-BD4D-D4747D26FC58}.Debug|Any CPU.ActiveCfg = Debug|Any CPU
		{A40CA5FA-DD13-4522-BD4D-D4747D26FC58}.Debug|Any CPU.Build.0 = Debug|Any CPU
		{A40CA5FA-DD13-4522-BD4D-D4747D26FC58}.Release|Any CPU.ActiveCfg = Release|Any CPU
		{A40CA5FA-DD13-4522-BD4D-D4747D26FC58}.Release|Any CPU.Build.0 = Release|Any CPU
		{AF15DEDC-19D1-4595-AADC-B7EE9894FBFE}.Debug|Any CPU.ActiveCfg = Debug|Any CPU
		{AF15DEDC-19D1-4595-AADC-B7EE9894FBFE}.Debug|Any CPU.Build.0 = Debug|Any CPU
		{AF15DEDC-19D1-4595-AADC-B7EE9894FBFE}.Release|Any CPU.ActiveCfg = Release|Any CPU
		{AF15DEDC-19D1-4595-AADC-B7EE9894FBFE}.Release|Any CPU.Build.0 = Release|Any CPU
		{7338DF73-2DAB-4FCA-A0C2-42CB47F342AB}.Debug|Any CPU.ActiveCfg = Debug|Any CPU
		{7338DF73-2DAB-4FCA-A0C2-42CB47F342AB}.Debug|Any CPU.Build.0 = Debug|Any CPU
		{7338DF73-2DAB-4FCA-A0C2-42CB47F342AB}.Release|Any CPU.ActiveCfg = Release|Any CPU
		{7338DF73-2DAB-4FCA-A0C2-42CB47F342AB}.Release|Any CPU.Build.0 = Release|Any CPU
		{E7BD7070-EBD5-4D2D-99BD-6CAE3B92F32E}.Debug|Any CPU.ActiveCfg = Debug|Any CPU
		{E7BD7070-EBD5-4D2D-99BD-6CAE3B92F32E}.Debug|Any CPU.Build.0 = Debug|Any CPU
		{E7BD7070-EBD5-4D2D-99BD-6CAE3B92F32E}.Release|Any CPU.ActiveCfg = Release|Any CPU
		{E7BD7070-EBD5-4D2D-99BD-6CAE3B92F32E}.Release|Any CPU.Build.0 = Release|Any CPU
		{194FACB7-3BC4-4D69-A80D-034849F80010}.Debug|Any CPU.ActiveCfg = Debug|Any CPU
		{194FACB7-3BC4-4D69-A80D-034849F80010}.Debug|Any CPU.Build.0 = Debug|Any CPU
		{194FACB7-3BC4-4D69-A80D-034849F80010}.Release|Any CPU.ActiveCfg = Release|Any CPU
		{194FACB7-3BC4-4D69-A80D-034849F80010}.Release|Any CPU.Build.0 = Release|Any CPU
		{8EBF7D10-0B4D-444E-8709-D0B8EA424E42}.Debug|Any CPU.ActiveCfg = Debug|Any CPU
		{8EBF7D10-0B4D-444E-8709-D0B8EA424E42}.Debug|Any CPU.Build.0 = Debug|Any CPU
		{8EBF7D10-0B4D-444E-8709-D0B8EA424E42}.Release|Any CPU.ActiveCfg = Release|Any CPU
		{8EBF7D10-0B4D-444E-8709-D0B8EA424E42}.Release|Any CPU.Build.0 = Release|Any CPU
	EndGlobalSection
	GlobalSection(SolutionProperties) = preSolution
		HideSolutionNode = FALSE
	EndGlobalSection
	GlobalSection(NestedProjects) = preSolution
		{7F427113-1F77-4C0B-AC3B-223E461930D3} = {E6BAC3CC-D1E6-4F9F-8613-872EF88E41AD}
		{9611727E-524A-4C7F-811C-2816014B28B6} = {E6BAC3CC-D1E6-4F9F-8613-872EF88E41AD}
		{A72BC3C3-0E05-49A7-97C9-630722341324} = {E6BAC3CC-D1E6-4F9F-8613-872EF88E41AD}
		{E0F27946-13D3-4ACE-8FEC-D76220BF40AD} = {E6BAC3CC-D1E6-4F9F-8613-872EF88E41AD}
		{65E14524-06F7-4040-947C-B29C7C81EB1D} = {E6BAC3CC-D1E6-4F9F-8613-872EF88E41AD}
		{A40CA5FA-DD13-4522-BD4D-D4747D26FC58} = {E6BAC3CC-D1E6-4F9F-8613-872EF88E41AD}
		{AF15DEDC-19D1-4595-AADC-B7EE9894FBFE} = {E6BAC3CC-D1E6-4F9F-8613-872EF88E41AD}
		{7338DF73-2DAB-4FCA-A0C2-42CB47F342AB} = {E6BAC3CC-D1E6-4F9F-8613-872EF88E41AD}
		{E7BD7070-EBD5-4D2D-99BD-6CAE3B92F32E} = {18076AB3-CB01-4EAD-9260-5D9F2E518197}
		{194FACB7-3BC4-4D69-A80D-034849F80010} = {18076AB3-CB01-4EAD-9260-5D9F2E518197}
		{8EBF7D10-0B4D-444E-8709-D0B8EA424E42} = {18076AB3-CB01-4EAD-9260-5D9F2E518197}
	EndGlobalSection
EndGlobal
